
Microsoft Visual Studio Solution File, Format Version 12.00
# Visual Studio Version 16
VisualStudioVersion = 16.0.31702.278
MinimumVisualStudioVersion = 10.0.40219.1
Project("{9A19103F-16F7-4668-BE54-9A1E7A4F7556}") = "Parqueadero.Api", "Parqueadero.Api\Parqueadero.Api.csproj", "{8B31D39B-DCC1-4C9D-A244-4CFDE391B323}"
EndProject
Project("{9A19103F-16F7-4668-BE54-9A1E7A4F7556}") = "Parqueadero.Application", "Parqueadero.Application\Parqueadero.Application.csproj", "{3472EE8E-ADB7-46FF-BB2A-B180318696C8}"
EndProject
Project("{9A19103F-16F7-4668-BE54-9A1E7A4F7556}") = "Parqueadero.Domain", "Parqueadero.Domain\Parqueadero.Domain.csproj", "{268D9125-B8F9-4856-961D-4335A899E8DE}"
EndProject
Project("{9A19103F-16F7-4668-BE54-9A1E7A4F7556}") = "Parqueadero.Infraestructure", "Parqueadero.Infraestructure\Parqueadero.Infraestructure.csproj", "{6C746E96-3027-4E71-8E71-1F389C50F654}"
EndProject
Project("{FAE04EC0-301F-11D3-BF4B-00C04F79EFBC}") = "ParqueaderoTestt", "ParqueaderoTestt\ParqueaderoTestt.csproj", "{C0D8E05E-1318-429A-8E14-9637701F59E3}"
EndProject
Global
	GlobalSection(SolutionConfigurationPlatforms) = preSolution
		Debug|Any CPU = Debug|Any CPU
		Release|Any CPU = Release|Any CPU
	EndGlobalSection
	GlobalSection(ProjectConfigurationPlatforms) = postSolution
		{8B31D39B-DCC1-4C9D-A244-4CFDE391B323}.Debug|Any CPU.ActiveCfg = Debug|Any CPU
		{8B31D39B-DCC1-4C9D-A244-4CFDE391B323}.Debug|Any CPU.Build.0 = Debug|Any CPU
		{8B31D39B-DCC1-4C9D-A244-4CFDE391B323}.Release|Any CPU.ActiveCfg = Release|Any CPU
		{8B31D39B-DCC1-4C9D-A244-4CFDE391B323}.Release|Any CPU.Build.0 = Release|Any CPU
		{3472EE8E-ADB7-46FF-BB2A-B180318696C8}.Debug|Any CPU.ActiveCfg = Debug|Any CPU
		{3472EE8E-ADB7-46FF-BB2A-B180318696C8}.Debug|Any CPU.Build.0 = Debug|Any CPU
		{3472EE8E-ADB7-46FF-BB2A-B180318696C8}.Release|Any CPU.ActiveCfg = Release|Any CPU
		{3472EE8E-ADB7-46FF-BB2A-B180318696C8}.Release|Any CPU.Build.0 = Release|Any CPU
		{268D9125-B8F9-4856-961D-4335A899E8DE}.Debug|Any CPU.ActiveCfg = Debug|Any CPU
		{268D9125-B8F9-4856-961D-4335A899E8DE}.Debug|Any CPU.Build.0 = Debug|Any CPU
		{268D9125-B8F9-4856-961D-4335A899E8DE}.Release|Any CPU.ActiveCfg = Release|Any CPU
		{268D9125-B8F9-4856-961D-4335A899E8DE}.Release|Any CPU.Build.0 = Release|Any CPU
		{6C746E96-3027-4E71-8E71-1F389C50F654}.Debug|Any CPU.ActiveCfg = Debug|Any CPU
		{6C746E96-3027-4E71-8E71-1F389C50F654}.Debug|Any CPU.Build.0 = Debug|Any CPU
		{6C746E96-3027-4E71-8E71-1F389C50F654}.Release|Any CPU.ActiveCfg = Release|Any CPU
		{6C746E96-3027-4E71-8E71-1F389C50F654}.Release|Any CPU.Build.0 = Release|Any CPU
		{C0D8E05E-1318-429A-8E14-9637701F59E3}.Debug|Any CPU.ActiveCfg = Debug|Any CPU
		{C0D8E05E-1318-429A-8E14-9637701F59E3}.Debug|Any CPU.Build.0 = Debug|Any CPU
		{C0D8E05E-1318-429A-8E14-9637701F59E3}.Release|Any CPU.ActiveCfg = Release|Any CPU
		{C0D8E05E-1318-429A-8E14-9637701F59E3}.Release|Any CPU.Build.0 = Release|Any CPU
	EndGlobalSection
	GlobalSection(SolutionProperties) = preSolution
		HideSolutionNode = FALSE
	EndGlobalSection
	GlobalSection(ExtensibilityGlobals) = postSolution
		SolutionGuid = {92C86E08-3241-45D3-8ECD-4F380B62D600}
	EndGlobalSection
EndGlobal
